
Microsoft Visual Studio Solution File, Format Version 12.00
# Visual Studio Version 17
VisualStudioVersion = 17.3.32901.215
MinimumVisualStudioVersion = 10.0.40219.1
Project("{FAE04EC0-301F-11D3-BF4B-00C04F79EFBC}") = "ReactMemo2", "ReactMemo2\ReactMemo2.csproj", "{F7CBF57B-38F2-4006-9082-0978CE9CF134}"
EndProject
Global
	GlobalSection(SolutionConfigurationPlatforms) = preSolution
		Debug|Any CPU = Debug|Any CPU
		Release|Any CPU = Release|Any CPU
	EndGlobalSection
	GlobalSection(ProjectConfigurationPlatforms) = postSolution
		{F7CBF57B-38F2-4006-9082-0978CE9CF134}.Debug|Any CPU.ActiveCfg = Debug|Any CPU
		{F7CBF57B-38F2-4006-9082-0978CE9CF134}.Debug|Any CPU.Build.0 = Debug|Any CPU
		{F7CBF57B-38F2-4006-9082-0978CE9CF134}.Release|Any CPU.ActiveCfg = Release|Any CPU
		{F7CBF57B-38F2-4006-9082-0978CE9CF134}.Release|Any CPU.Build.0 = Release|Any CPU
	EndGlobalSection
	GlobalSection(SolutionProperties) = preSolution
		HideSolutionNode = FALSE
	EndGlobalSection
	GlobalSection(ExtensibilityGlobals) = postSolution
		SolutionGuid = {AA0FA3C0-9D3D-4C29-A84D-AE262AF9501B}
	EndGlobalSection
EndGlobal
